
Microsoft Visual Studio Solution File, Format Version 12.00
# Visual Studio Version 16
VisualStudioVersion = 16.0.30413.136
MinimumVisualStudioVersion = 10.0.40219.1
Project("{888888A0-9F3D-457C-B088-3A5042F75D52}") = "Egor", "Egor\Egor.pyproj", "{3ECE6E20-9810-4958-80CB-9D8BB8627A6A}"
EndProject
Global
	GlobalSection(SolutionConfigurationPlatforms) = preSolution
		Debug|Any CPU = Debug|Any CPU
		Release|Any CPU = Release|Any CPU
	EndGlobalSection
	GlobalSection(ProjectConfigurationPlatforms) = postSolution
		{3ECE6E20-9810-4958-80CB-9D8BB8627A6A}.Debug|Any CPU.ActiveCfg = Debug|Any CPU
		{3ECE6E20-9810-4958-80CB-9D8BB8627A6A}.Release|Any CPU.ActiveCfg = Release|Any CPU
	EndGlobalSection
	GlobalSection(SolutionProperties) = preSolution
		HideSolutionNode = FALSE
	EndGlobalSection
	GlobalSection(ExtensibilityGlobals) = postSolution
		SolutionGuid = {284EEF34-B3F2-4563-933F-ED600A29996A}
	EndGlobalSection
EndGlobal
